{
    "requires": true,
    "lockfileVersion": 1,
    "dependencies": {
        "cleave.js": {
            "version": "1.4.4",
            "resolved": "https://registry.npmjs.org/cleave.js/-/cleave.js-1.4.4.tgz",
            "integrity": "sha512-QZw3B9dhTEe2W9zUJLvJdqn1Bwgq/SlAwRQD7x+EO+QNfYKdLXow2GCLAjhyrGI+vD8P7RTVX6f8b+m3X9niiw=="
        }
    }
}
